
Microsoft Visual Studio Solution File, Format Version 12.00
# Visual Studio Version 17
VisualStudioVersion = 17.0.31903.59
MinimumVisualStudioVersion = 10.0.40219.1
Project("{2150E333-8FDC-42A3-9474-1A3956D46DE8}") = "01 - App", "01 - App", "{02EA681E-C7D8-13C7-8484-4AC65E1B71E8}"
EndProject
Project("{FAE04EC0-301F-11D3-BF4B-00C04F79EFBC}") = "FCG_Games.Domain", "src\FCG_Games.Domain\FCG_Games.Domain.csproj", "{9D8922FB-FF84-4FAC-BF7F-FDEB856D95C1}"
EndProject
Global
	GlobalSection(SolutionConfigurationPlatforms) = preSolution
		Debug|Any CPU = Debug|Any CPU
		Release|Any CPU = Release|Any CPU
	EndGlobalSection
	GlobalSection(ProjectConfigurationPlatforms) = postSolution
		{9D8922FB-FF84-4FAC-BF7F-FDEB856D95C1}.Debug|Any CPU.ActiveCfg = Debug|Any CPU
		{9D8922FB-FF84-4FAC-BF7F-FDEB856D95C1}.Debug|Any CPU.Build.0 = Debug|Any CPU
		{9D8922FB-FF84-4FAC-BF7F-FDEB856D95C1}.Release|Any CPU.ActiveCfg = Release|Any CPU
		{9D8922FB-FF84-4FAC-BF7F-FDEB856D95C1}.Release|Any CPU.Build.0 = Release|Any CPU
	EndGlobalSection
	GlobalSection(SolutionProperties) = preSolution
		HideSolutionNode = FALSE
	EndGlobalSection
	GlobalSection(NestedProjects) = preSolution
		{9D8922FB-FF84-4FAC-BF7F-FDEB856D95C1} = {02EA681E-C7D8-13C7-8484-4AC65E1B71E8}
	EndGlobalSection
	GlobalSection(ExtensibilityGlobals) = postSolution
		SolutionGuid = {7793C35C-4911-4F7C-8B40-20190E95BC8D}
	EndGlobalSection
EndGlobal
